// !$*UTF8*$!
{
	archiveVersion = 1;
	classes = {
	};
	objectVersion = 46;
	objects = {

/* Begin PBXBuildFile section */
		BF2B10D0196C044800EEBCA2 /* Foundation.framework in Frameworks */ = {isa = PBXBuildFile; fileRef = BF2B10CF196C044800EEBCA2 /* Foundation.framework */; };
		BF2B10D2196C044800EEBCA2 /* CoreGraphics.framework in Frameworks */ = {isa = PBXBuildFile; fileRef = BF2B10D1196C044800EEBCA2 /* CoreGraphics.framework */; };
		BF2B10D4196C044800EEBCA2 /* UIKit.framework in Frameworks */ = {isa = PBXBuildFile; fileRef = BF2B10D3196C044800EEBCA2 /* UIKit.framework */; };
		BF2B10DA196C044800EEBCA2 /* InfoPlist.strings in Resources */ = {isa = PBXBuildFile; fileRef = BF2B10D8196C044800EEBCA2 /* InfoPlist.strings */; };
		BF2B10DC196C044800EEBCA2 /* main.m in Sources */ = {isa = PBXBuildFile; fileRef = BF2B10DB196C044800EEBCA2 /* main.m */; };
		BF2B10E0196C044800EEBCA2 /* AppDelegate.m in Sources */ = {isa = PBXBuildFile; fileRef = BF2B10DF196C044800EEBCA2 /* AppDelegate.m */; };
		BF2B10E3196C044800EEBCA2 /* Main.storyboard in Resources */ = {isa = PBXBuildFile; fileRef = BF2B10E1196C044800EEBCA2 /* Main.storyboard */; };
		BF2B10E6196C044800EEBCA2 /* ViewController.m in Sources */ = {isa = PBXBuildFile; fileRef = BF2B10E5196C044800EEBCA2 /* ViewController.m */; };
		BF2B10E8196C044800EEBCA2 /* Images.xcassets in Resources */ = {isa = PBXBuildFile; fileRef = BF2B10E7196C044800EEBCA2 /* Images.xcassets */; };
		BF2B10EF196C044800EEBCA2 /* XCTest.framework in Frameworks */ = {isa = PBXBuildFile; fileRef = BF2B10EE196C044800EEBCA2 /* XCTest.framework */; };
		BF2B10F0196C044800EEBCA2 /* Foundation.framework in Frameworks */ = {isa = PBXBuildFile; fileRef = BF2B10CF196C044800EEBCA2 /* Foundation.framework */; };
		BF2B10F1196C044800EEBCA2 /* UIKit.framework in Frameworks */ = {isa = PBXBuildFile; fileRef = BF2B10D3196C044800EEBCA2 /* UIKit.framework */; };
		BF2B10F9196C044800EEBCA2 /* InfoPlist.strings in Resources */ = {isa = PBXBuildFile; fileRef = BF2B10F7196C044800EEBCA2 /* InfoPlist.strings */; };
		BF2B10FB196C044800EEBCA2 /* TBRCountdownViewTests.m in Sources */ = {isa = PBXBuildFile; fileRef = BF2B10FA196C044800EEBCA2 /* TBRCountdownViewTests.m */; };
		BF2B1106196C05C900EEBCA2 /* TBRCountdownView.m in Sources */ = {isa = PBXBuildFile; fileRef = BF2B1105196C05C900EEBCA2 /* TBRCountdownView.m */; };
/* End PBXBuildFile section */

/* Begin PBXContainerItemProxy section */
		BF2B10F2196C044800EEBCA2 /* PBXContainerItemProxy */ = {
			isa = PBXContainerItemProxy;
			containerPortal = BF2B10C4196C044800EEBCA2 /* Project object */;
			proxyType = 1;
			remoteGlobalIDString = BF2B10CB196C044800EEBCA2;
			remoteInfo = TBRCountdownView;
		};
/* End PBXContainerItemProxy section */

/* Begin PBXFileReference section */
		BF2B10CC196C044800EEBCA2 /* TBRCountdownViewExample.app */ = {isa = PBXFileReference; explicitFileType = wrapper.application; includeInIndex = 0; path = TBRCountdownViewExample.app; sourceTree = BUILT_PRODUCTS_DIR; };
		BF2B10CF196C044800EEBCA2 /* Foundation.framework */ = {isa = PBXFileReference; lastKnownFileType = wrapper.framework; name = Foundation.framework; path = System/Library/Frameworks/Foundation.framework; sourceTree = SDKROOT; };
		BF2B10D1196C044800EEBCA2 /* CoreGraphics.framework */ = {isa = PBXFileReference; lastKnownFileType = wrapper.framework; name = CoreGraphics.framework; path = System/Library/Frameworks/CoreGraphics.framework; sourceTree = SDKROOT; };
		BF2B10D3196C044800EEBCA2 /* UIKit.framework */ = {isa = PBXFileReference; lastKnownFileType = wrapper.framework; name = UIKit.framework; path = System/Library/Frameworks/UIKit.framework; sourceTree = SDKROOT; };
		BF2B10D7196C044800EEBCA2 /* TBRCountdownViewExample-Info.plist */ = {isa = PBXFileReference; lastKnownFileType = text.plist.xml; path = "TBRCountdownViewExample-Info.plist"; sourceTree = "<group>"; };
		BF2B10D9196C044800EEBCA2 /* en */ = {isa = PBXFileReference; lastKnownFileType = text.plist.strings; name = en; path = en.lproj/InfoPlist.strings; sourceTree = "<group>"; };
		BF2B10DB196C044800EEBCA2 /* main.m */ = {isa = PBXFileReference; lastKnownFileType = sourcecode.c.objc; path = main.m; sourceTree = "<group>"; };
		BF2B10DD196C044800EEBCA2 /* TBRCountdownViewExample-Prefix.pch */ = {isa = PBXFileReference; lastKnownFileType = sourcecode.c.h; path = "TBRCountdownViewExample-Prefix.pch"; sourceTree = "<group>"; };
		BF2B10DE196C044800EEBCA2 /* AppDelegate.h */ = {isa = PBXFileReference; lastKnownFileType = sourcecode.c.h; path = AppDelegate.h; sourceTree = "<group>"; };
		BF2B10DF196C044800EEBCA2 /* AppDelegate.m */ = {isa = PBXFileReference; lastKnownFileType = sourcecode.c.objc; path = AppDelegate.m; sourceTree = "<group>"; };
		BF2B10E2196C044800EEBCA2 /* Base */ = {isa = PBXFileReference; lastKnownFileType = file.storyboard; name = Base; path = Base.lproj/Main.storyboard; sourceTree = "<group>"; };
		BF2B10E4196C044800EEBCA2 /* ViewController.h */ = {isa = PBXFileReference; lastKnownFileType = sourcecode.c.h; path = ViewController.h; sourceTree = "<group>"; };
		BF2B10E5196C044800EEBCA2 /* ViewController.m */ = {isa = PBXFileReference; lastKnownFileType = sourcecode.c.objc; path = ViewController.m; sourceTree = "<group>"; };
		BF2B10E7196C044800EEBCA2 /* Images.xcassets */ = {isa = PBXFileReference; lastKnownFileType = folder.assetcatalog; path = Images.xcassets; sourceTree = "<group>"; };
		BF2B10ED196C044800EEBCA2 /* TBRCountdownViewExampleTests.xctest */ = {isa = PBXFileReference; explicitFileType = wrapper.cfbundle; includeInIndex = 0; path = TBRCountdownViewExampleTests.xctest; sourceTree = BUILT_PRODUCTS_DIR; };
		BF2B10EE196C044800EEBCA2 /* XCTest.framework */ = {isa = PBXFileReference; lastKnownFileType = wrapper.framework; name = XCTest.framework; path = Library/Frameworks/XCTest.framework; sourceTree = DEVELOPER_DIR; };
		BF2B10F6196C044800EEBCA2 /* TBRCountdownViewExampleTests-Info.plist */ = {isa = PBXFileReference; lastKnownFileType = text.plist.xml; path = "TBRCountdownViewExampleTests-Info.plist"; sourceTree = "<group>"; };
		BF2B10F8196C044800EEBCA2 /* en */ = {isa = PBXFileReference; lastKnownFileType = text.plist.strings; name = en; path = en.lproj/InfoPlist.strings; sourceTree = "<group>"; };
		BF2B10FA196C044800EEBCA2 /* TBRCountdownViewTests.m */ = {isa = PBXFileReference; lastKnownFileType = sourcecode.c.objc; path = TBRCountdownViewTests.m; sourceTree = "<group>"; };
		BF2B1104196C05C900EEBCA2 /* TBRCountdownView.h */ = {isa = PBXFileReference; fileEncoding = 4; lastKnownFileType = sourcecode.c.h; path = TBRCountdownView.h; sourceTree = "<group>"; };
		BF2B1105196C05C900EEBCA2 /* TBRCountdownView.m */ = {isa = PBXFileReference; fileEncoding = 4; lastKnownFileType = sourcecode.c.objc; path = TBRCountdownView.m; sourceTree = "<group>"; };
/* End PBXFileReference section */

/* Begin PBXFrameworksBuildPhase section */
		BF2B10C9196C044800EEBCA2 /* Frameworks */ = {
			isa = PBXFrameworksBuildPhase;
			buildActionMask = 2147483647;
			files = (
				BF2B10D2196C044800EEBCA2 /* CoreGraphics.framework in Frameworks */,
				BF2B10D4196C044800EEBCA2 /* UIKit.framework in Frameworks */,
				BF2B10D0196C044800EEBCA2 /* Foundation.framework in Frameworks */,
			);
			runOnlyForDeploymentPostprocessing = 0;
		};
		BF2B10EA196C044800EEBCA2 /* Frameworks */ = {
			isa = PBXFrameworksBuildPhase;
			buildActionMask = 2147483647;
			files = (
				BF2B10EF196C044800EEBCA2 /* XCTest.framework in Frameworks */,
				BF2B10F1196C044800EEBCA2 /* UIKit.framework in Frameworks */,
				BF2B10F0196C044800EEBCA2 /* Foundation.framework in Frameworks */,
			);
			runOnlyForDeploymentPostprocessing = 0;
		};
/* End PBXFrameworksBuildPhase section */

/* Begin PBXGroup section */
		BF2B10C3196C044800EEBCA2 = {
			isa = PBXGroup;
			children = (
				BF2B10D5196C044800EEBCA2 /* TBRCountdownViewExample */,
				BF2B10F4196C044800EEBCA2 /* TBRCountdownViewTests */,
				BF2B10CE196C044800EEBCA2 /* Frameworks */,
				BF2B10CD196C044800EEBCA2 /* Products */,
			);
			sourceTree = "<group>";
		};
		BF2B10CD196C044800EEBCA2 /* Products */ = {
			isa = PBXGroup;
			children = (
				BF2B10CC196C044800EEBCA2 /* TBRCountdownViewExample.app */,
				BF2B10ED196C044800EEBCA2 /* TBRCountdownViewExampleTests.xctest */,
			);
			name = Products;
			sourceTree = "<group>";
		};
		BF2B10CE196C044800EEBCA2 /* Frameworks */ = {
			isa = PBXGroup;
			children = (
				BF2B10CF196C044800EEBCA2 /* Foundation.framework */,
				BF2B10D1196C044800EEBCA2 /* CoreGraphics.framework */,
				BF2B10D3196C044800EEBCA2 /* UIKit.framework */,
				BF2B10EE196C044800EEBCA2 /* XCTest.framework */,
			);
			name = Frameworks;
			sourceTree = "<group>";
		};
		BF2B10D5196C044800EEBCA2 /* TBRCountdownViewExample */ = {
			isa = PBXGroup;
			children = (
				BF2B10DE196C044800EEBCA2 /* AppDelegate.h */,
				BF2B10DF196C044800EEBCA2 /* AppDelegate.m */,
				BF2B10E1196C044800EEBCA2 /* Main.storyboard */,
				BF2B10E4196C044800EEBCA2 /* ViewController.h */,
				BF2B10E5196C044800EEBCA2 /* ViewController.m */,
				BF2B1104196C05C900EEBCA2 /* TBRCountdownView.h */,
				BF2B1105196C05C900EEBCA2 /* TBRCountdownView.m */,
				BF2B10E7196C044800EEBCA2 /* Images.xcassets */,
				BF2B10D6196C044800EEBCA2 /* Supporting Files */,
			);
			path = TBRCountdownViewExample;
			sourceTree = "<group>";
		};
		BF2B10D6196C044800EEBCA2 /* Supporting Files */ = {
			isa = PBXGroup;
			children = (
				BF2B10D7196C044800EEBCA2 /* TBRCountdownViewExample-Info.plist */,
				BF2B10D8196C044800EEBCA2 /* InfoPlist.strings */,
				BF2B10DB196C044800EEBCA2 /* main.m */,
				BF2B10DD196C044800EEBCA2 /* TBRCountdownViewExample-Prefix.pch */,
			);
			name = "Supporting Files";
			sourceTree = "<group>";
		};
		BF2B10F4196C044800EEBCA2 /* TBRCountdownViewTests */ = {
			isa = PBXGroup;
			children = (
				BF2B10FA196C044800EEBCA2 /* TBRCountdownViewTests.m */,
				BF2B10F5196C044800EEBCA2 /* Supporting Files */,
			);
			name = TBRCountdownViewTests;
			path = TBRCountdownViewExampleTests;
			sourceTree = "<group>";
		};
		BF2B10F5196C044800EEBCA2 /* Supporting Files */ = {
			isa = PBXGroup;
			children = (
				BF2B10F6196C044800EEBCA2 /* TBRCountdownViewExampleTests-Info.plist */,
				BF2B10F7196C044800EEBCA2 /* InfoPlist.strings */,
			);
			name = "Supporting Files";
			sourceTree = "<group>";
		};
/* End PBXGroup section */

/* Begin PBXNativeTarget section */
		BF2B10CB196C044800EEBCA2 /* TBRCountdownViewExample */ = {
			isa = PBXNativeTarget;
			buildConfigurationList = BF2B10FE196C044800EEBCA2 /* Build configuration list for PBXNativeTarget "TBRCountdownViewExample" */;
			buildPhases = (
				BF2B10C8196C044800EEBCA2 /* Sources */,
				BF2B10C9196C044800EEBCA2 /* Frameworks */,
				BF2B10CA196C044800EEBCA2 /* Resources */,
			);
			buildRules = (
			);
			dependencies = (
			);
			name = TBRCountdownViewExample;
			productName = TBRCountdownView;
			productReference = BF2B10CC196C044800EEBCA2 /* TBRCountdownViewExample.app */;
			productType = "com.apple.product-type.application";
		};
		BF2B10EC196C044800EEBCA2 /* TBRCountdownViewExampleTests */ = {
			isa = PBXNativeTarget;
			buildConfigurationList = BF2B1101196C044800EEBCA2 /* Build configuration list for PBXNativeTarget "TBRCountdownViewExampleTests" */;
			buildPhases = (
				BF2B10E9196C044800EEBCA2 /* Sources */,
				BF2B10EA196C044800EEBCA2 /* Frameworks */,
				BF2B10EB196C044800EEBCA2 /* Resources */,
			);
			buildRules = (
			);
			dependencies = (
				BF2B10F3196C044800EEBCA2 /* PBXTargetDependency */,
			);
			name = TBRCountdownViewExampleTests;
			productName = TBRCountdownViewTests;
			productReference = BF2B10ED196C044800EEBCA2 /* TBRCountdownViewExampleTests.xctest */;
			productType = "com.apple.product-type.bundle.unit-test";
		};
/* End PBXNativeTarget section */

/* Begin PBXProject section */
		BF2B10C4196C044800EEBCA2 /* Project object */ = {
			isa = PBXProject;
			attributes = {
				LastUpgradeCheck = 0510;
				ORGANIZATIONNAME = "TechBrewers LTD.";
				TargetAttributes = {
					BF2B10EC196C044800EEBCA2 = {
						TestTargetID = BF2B10CB196C044800EEBCA2;
					};
				};
			};
			buildConfigurationList = BF2B10C7196C044800EEBCA2 /* Build configuration list for PBXProject "TBRCountdownViewExample" */;
			compatibilityVersion = "Xcode 3.2";
			developmentRegion = English;
			hasScannedForEncodings = 0;
			knownRegions = (
				en,
				Base,
			);
			mainGroup = BF2B10C3196C044800EEBCA2;
			productRefGroup = BF2B10CD196C044800EEBCA2 /* Products */;
			projectDirPath = "";
			projectRoot = "";
			targets = (
				BF2B10CB196C044800EEBCA2 /* TBRCountdownViewExample */,
				BF2B10EC196C044800EEBCA2 /* TBRCountdownViewExampleTests */,
			);
		};
/* End PBXProject section */

/* Begin PBXResourcesBuildPhase section */
		BF2B10CA196C044800EEBCA2 /* Resources */ = {
			isa = PBXResourcesBuildPhase;
			buildActionMask = 2147483647;
			files = (
				BF2B10E8196C044800EEBCA2 /* Images.xcassets in Resources */,
				BF2B10DA196C044800EEBCA2 /* InfoPlist.strings in Resources */,
				BF2B10E3196C044800EEBCA2 /* Main.storyboard in Resources */,
			);
			runOnlyForDeploymentPostprocessing = 0;
		};
		BF2B10EB196C044800EEBCA2 /* Resources */ = {
			isa = PBXResourcesBuildPhase;
			buildActionMask = 2147483647;
			files = (
				BF2B10F9196C044800EEBCA2 /* InfoPlist.strings in Resources */,
			);
			runOnlyForDeploymentPostprocessing = 0;
		};
/* End PBXResourcesBuildPhase section */

/* Begin PBXSourcesBuildPhase section */
		BF2B10C8196C044800EEBCA2 /* Sources */ = {
			isa = PBXSourcesBuildPhase;
			buildActionMask = 2147483647;
			files = (
				BF2B10E6196C044800EEBCA2 /* ViewController.m in Sources */,
				BF2B1106196C05C900EEBCA2 /* TBRCountdownView.m in Sources */,
				BF2B10E0196C044800EEBCA2 /* AppDelegate.m in Sources */,
				BF2B10DC196C044800EEBCA2 /* main.m in Sources */,
			);
			runOnlyForDeploymentPostprocessing = 0;
		};
		BF2B10E9196C044800EEBCA2 /* Sources */ = {
			isa = PBXSourcesBuildPhase;
			buildActionMask = 2147483647;
			files = (
				BF2B10FB196C044800EEBCA2 /* TBRCountdownViewTests.m in Sources */,
			);
			runOnlyForDeploymentPostprocessing = 0;
		};
/* End PBXSourcesBuildPhase section */

/* Begin PBXTargetDependency section */
		BF2B10F3196C044800EEBCA2 /* PBXTargetDependency */ = {
			isa = PBXTargetDependency;
			target = BF2B10CB196C044800EEBCA2 /* TBRCountdownViewExample */;
			targetProxy = BF2B10F2196C044800EEBCA2 /* PBXContainerItemProxy */;
		};
/* End PBXTargetDependency section */

/* Begin PBXVariantGroup section */
		BF2B10D8196C044800EEBCA2 /* InfoPlist.strings */ = {
			isa = PBXVariantGroup;
			children = (
				BF2B10D9196C044800EEBCA2 /* en */,
			);
			name = InfoPlist.strings;
			sourceTree = "<group>";
		};
		BF2B10E1196C044800EEBCA2 /* Main.storyboard */ = {
			isa = PBXVariantGroup;
			children = (
				BF2B10E2196C044800EEBCA2 /* Base */,
			);
			name = Main.storyboard;
			sourceTree = "<group>";
		};
		BF2B10F7196C044800EEBCA2 /* InfoPlist.strings */ = {
			isa = PBXVariantGroup;
			children = (
				BF2B10F8196C044800EEBCA2 /* en */,
			);
			name = InfoPlist.strings;
			sourceTree = "<group>";
		};
/* End PBXVariantGroup section */

/* Begin XCBuildConfiguration section */
		BF2B10FC196C044800EEBCA2 /* Debug */ = {
			isa = XCBuildConfiguration;
			buildSettings = {
				ALWAYS_SEARCH_USER_PATHS = NO;
				CLANG_CXX_LANGUAGE_STANDARD = "gnu++0x";
				CLANG_CXX_LIBRARY = "libc++";
				CLANG_ENABLE_MODULES = YES;
				CLANG_ENABLE_OBJC_ARC = YES;
				CLANG_WARN_BOOL_CONVERSION = YES;
				CLANG_WARN_CONSTANT_CONVERSION = YES;
				CLANG_WARN_DIRECT_OBJC_ISA_USAGE = YES_ERROR;
				CLANG_WARN_EMPTY_BODY = YES;
				CLANG_WARN_ENUM_CONVERSION = YES;
				CLANG_WARN_INT_CONVERSION = YES;
				CLANG_WARN_OBJC_ROOT_CLASS = YES_ERROR;
				CLANG_WARN__DUPLICATE_METHOD_MATCH = YES;
				"CODE_SIGN_IDENTITY[sdk=iphoneos*]" = "iPhone Developer";
				COPY_PHASE_STRIP = NO;
				GCC_C_LANGUAGE_STANDARD = gnu99;
				GCC_DYNAMIC_NO_PIC = NO;
				GCC_OPTIMIZATION_LEVEL = 0;
				GCC_PREPROCESSOR_DEFINITIONS = (
					"DEBUG=1",
					"$(inherited)",
				);
				GCC_SYMBOLS_PRIVATE_EXTERN = NO;
				GCC_WARN_64_TO_32_BIT_CONVERSION = YES;
				GCC_WARN_ABOUT_RETURN_TYPE = YES_ERROR;
				GCC_WARN_UNDECLARED_SELECTOR = YES;
				GCC_WARN_UNINITIALIZED_AUTOS = YES_AGGRESSIVE;
				GCC_WARN_UNUSED_FUNCTION = YES;
				GCC_WARN_UNUSED_VARIABLE = YES;
				IPHONEOS_DEPLOYMENT_TARGET = 7.0;
				ONLY_ACTIVE_ARCH = YES;
				SDKROOT = iphoneos;
			};
			name = Debug;
		};
		BF2B10FD196C044800EEBCA2 /* Release */ = {
			isa = XCBuildConfiguration;
			buildSettings = {
				ALWAYS_SEARCH_USER_PATHS = NO;
				CLANG_CXX_LANGUAGE_STANDARD = "gnu++0x";
				CLANG_CXX_LIBRARY = "libc++";
				CLANG_ENABLE_MODULES = YES;
				CLANG_ENABLE_OBJC_ARC = YES;
				CLANG_WARN_BOOL_CONVERSION = YES;
				CLANG_WARN_CONSTANT_CONVERSION = YES;
				CLANG_WARN_DIRECT_OBJC_ISA_USAGE = YES_ERROR;
				CLANG_WARN_EMPTY_BODY = YES;
				CLANG_WARN_ENUM_CONVERSION = YES;
				CLANG_WARN_INT_CONVERSION = YES;
				CLANG_WARN_OBJC_ROOT_CLASS = YES_ERROR;
				CLANG_WARN__DUPLICATE_METHOD_MATCH = YES;
				"CODE_SIGN_IDENTITY[sdk=iphoneos*]" = "iPhone Developer";
				COPY_PHASE_STRIP = YES;
				ENABLE_NS_ASSERTIONS = NO;
				GCC_C_LANGUAGE_STANDARD = gnu99;
				GCC_WARN_64_TO_32_BIT_CONVERSION = YES;
				GCC_WARN_ABOUT_RETURN_TYPE = YES_ERROR;
				GCC_WARN_UNDECLARED_SELECTOR = YES;
				GCC_WARN_UNINITIALIZED_AUTOS = YES_AGGRESSIVE;
				GCC_WARN_UNUSED_FUNCTION = YES;
				GCC_WARN_UNUSED_VARIABLE = YES;
				IPHONEOS_DEPLOYMENT_TARGET = 7.0;
				SDKROOT = iphoneos;
				VALIDATE_PRODUCT = YES;
			};
			name = Release;
		};
		BF2B10FF196C044800EEBCA2 /* Debug */ = {
			isa = XCBuildConfiguration;
			buildSettings = {
				ASSETCATALOG_COMPILER_APPICON_NAME = AppIcon;
				ASSETCATALOG_COMPILER_LAUNCHIMAGE_NAME = LaunchImage;
				GCC_PRECOMPILE_PREFIX_HEADER = YES;
				GCC_PREFIX_HEADER = "TBRCountdownViewExample/TBRCountdownViewExample-Prefix.pch";
				INFOPLIST_FILE = "$(SRCROOT)/TBRCountdownViewExample/TBRCountdownViewExample-Info.plist";
				PRODUCT_NAME = TBRCountdownViewExample;
				WRAPPER_EXTENSION = app;
			};
			name = Debug;
		};
		BF2B1100196C044800EEBCA2 /* Release */ = {
			isa = XCBuildConfiguration;
			buildSettings = {
				ASSETCATALOG_COMPILER_APPICON_NAME = AppIcon;
				ASSETCATALOG_COMPILER_LAUNCHIMAGE_NAME = LaunchImage;
				GCC_PRECOMPILE_PREFIX_HEADER = YES;
				GCC_PREFIX_HEADER = "TBRCountdownViewExample/TBRCountdownViewExample-Prefix.pch";
				INFOPLIST_FILE = "$(SRCROOT)/TBRCountdownViewExample/TBRCountdownViewExample-Info.plist";
				PRODUCT_NAME = TBRCountdownViewExample;
				WRAPPER_EXTENSION = app;
			};
			name = Release;
		};
		BF2B1102196C044800EEBCA2 /* Debug */ = {
			isa = XCBuildConfiguration;
			buildSettings = {
				BUNDLE_LOADER = "$(BUILT_PRODUCTS_DIR)/TBRCountdownView.app/TBRCountdownView";
				FRAMEWORK_SEARCH_PATHS = (
					"$(SDKROOT)/Developer/Library/Frameworks",
					"$(inherited)",
					"$(DEVELOPER_FRAMEWORKS_DIR)",
				);
				GCC_PRECOMPILE_PREFIX_HEADER = YES;
				GCC_PREFIX_HEADER = "TBRCountdownView/TBRCountdownView-Prefix.pch";
				GCC_PREPROCESSOR_DEFINITIONS = (
					"DEBUG=1",
					"$(inherited)",
				);
				INFOPLIST_FILE = "TBRCountdownViewTests/TBRCountdownViewExampleTests-Info.plist";
				PRODUCT_NAME = TBRCountdownViewExampleTests;
				TEST_HOST = "$(BUNDLE_LOADER)";
				WRAPPER_EXTENSION = xctest;
			};
			name = Debug;
		};
		BF2B1103196C044800EEBCA2 /* Release */ = {
			isa = XCBuildConfiguration;
			buildSettings = {
				BUNDLE_LOADER = "$(BUILT_PRODUCTS_DIR)/TBRCountdownView.app/TBRCountdownView";
				FRAMEWORK_SEARCH_PATHS = (
					"$(SDKROOT)/Developer/Library/Frameworks",
					"$(inherited)",
					"$(DEVELOPER_FRAMEWORKS_DIR)",
				);
				GCC_PRECOMPILE_PREFIX_HEADER = YES;
				GCC_PREFIX_HEADER = "TBRCountdownView/TBRCountdownView-Prefix.pch";
				INFOPLIST_FILE = "TBRCountdownViewTests/TBRCountdownViewExampleTests-Info.plist";
				PRODUCT_NAME = TBRCountdownViewExampleTests;
				TEST_HOST = "$(BUNDLE_LOADER)";
				WRAPPER_EXTENSION = xctest;
			};
			name = Release;
		};
/* End XCBuildConfiguration section */

/* Begin XCConfigurationList section */
		BF2B10C7196C044800EEBCA2 /* Build configuration list for PBXProject "TBRCountdownViewExample" */ = {
			isa = XCConfigurationList;
			buildConfigurations = (
				BF2B10FC196C044800EEBCA2 /* Debug */,
				BF2B10FD196C044800EEBCA2 /* Release */,
			);
			defaultConfigurationIsVisible = 0;
			defaultConfigurationName = Release;
		};
		BF2B10FE196C044800EEBCA2 /* Build configuration list for PBXNativeTarget "TBRCountdownViewExample" */ = {
			isa = XCConfigurationList;
			buildConfigurations = (
				BF2B10FF196C044800EEBCA2 /* Debug */,
				BF2B1100196C044800EEBCA2 /* Release */,
			);
			defaultConfigurationIsVisible = 0;
			defaultConfigurationName = Release;
		};
		BF2B1101196C044800EEBCA2 /* Build configuration list for PBXNativeTarget "TBRCountdownViewExampleTests" */ = {
			isa = XCConfigurationList;
			buildConfigurations = (
				BF2B1102196C044800EEBCA2 /* Debug */,
				BF2B1103196C044800EEBCA2 /* Release */,
			);
			defaultConfigurationIsVisible = 0;
			defaultConfigurationName = Release;
		};
/* End XCConfigurationList section */
	};
	rootObject = BF2B10C4196C044800EEBCA2 /* Project object */;
}
